
Microsoft Visual Studio Solution File, Format Version 12.00
# Visual Studio Version 16
VisualStudioVersion = 16.0.30804.86
MinimumVisualStudioVersion = 10.0.40219.1
Project("{FAE04EC0-301F-11D3-BF4B-00C04F79EFBC}") = "ConvertationDZNesterov402Console", "ConvertationDZNesterov402Console\ConvertationDZNesterov402Console.csproj", "{01A84497-549B-470E-9737-E2BEA53DA04A}"
EndProject
Global
	GlobalSection(SolutionConfigurationPlatforms) = preSolution
		Debug|Any CPU = Debug|Any CPU
		Release|Any CPU = Release|Any CPU
	EndGlobalSection
	GlobalSection(ProjectConfigurationPlatforms) = postSolution
		{01A84497-549B-470E-9737-E2BEA53DA04A}.Debug|Any CPU.ActiveCfg = Debug|Any CPU
		{01A84497-549B-470E-9737-E2BEA53DA04A}.Debug|Any CPU.Build.0 = Debug|Any CPU
		{01A84497-549B-470E-9737-E2BEA53DA04A}.Release|Any CPU.ActiveCfg = Release|Any CPU
		{01A84497-549B-470E-9737-E2BEA53DA04A}.Release|Any CPU.Build.0 = Release|Any CPU
	EndGlobalSection
	GlobalSection(SolutionProperties) = preSolution
		HideSolutionNode = FALSE
	EndGlobalSection
	GlobalSection(ExtensibilityGlobals) = postSolution
		SolutionGuid = {72994C16-E835-4663-BFDE-F54F50527E21}
	EndGlobalSection
EndGlobal
