
Microsoft Visual Studio Solution File, Format Version 12.00
# Visual Studio Version 16
VisualStudioVersion = 16.0.31605.320
MinimumVisualStudioVersion = 10.0.40219.1
Project("{FAE04EC0-301F-11D3-BF4B-00C04F79EFBC}") = "Lab2Matrixpractice", "Lab2Matrixpractice\Lab2Matrixpractice.csproj", "{685EE871-260D-415D-9711-272F18C21408}"
EndProject
Global
	GlobalSection(SolutionConfigurationPlatforms) = preSolution
		Debug|Any CPU = Debug|Any CPU
		Release|Any CPU = Release|Any CPU
	EndGlobalSection
	GlobalSection(ProjectConfigurationPlatforms) = postSolution
		{685EE871-260D-415D-9711-272F18C21408}.Debug|Any CPU.ActiveCfg = Debug|Any CPU
		{685EE871-260D-415D-9711-272F18C21408}.Debug|Any CPU.Build.0 = Debug|Any CPU
		{685EE871-260D-415D-9711-272F18C21408}.Release|Any CPU.ActiveCfg = Release|Any CPU
		{685EE871-260D-415D-9711-272F18C21408}.Release|Any CPU.Build.0 = Release|Any CPU
	EndGlobalSection
	GlobalSection(SolutionProperties) = preSolution
		HideSolutionNode = FALSE
	EndGlobalSection
	GlobalSection(ExtensibilityGlobals) = postSolution
		SolutionGuid = {EF714A40-F68B-413F-BC11-72F368F2E25D}
	EndGlobalSection
EndGlobal
